
Microsoft Visual Studio Solution File, Format Version 12.00
# Visual Studio 15
VisualStudioVersion = 15.0.27703.2026
MinimumVisualStudioVersion = 10.0.40219.1
Project("{FAE04EC0-301F-11D3-BF4B-00C04F79EFBC}") = "SFtpSample", "SFtpSample\SFtpSample.csproj", "{6C0F664E-E0EC-4A48-89CB-BD542896780A}"
EndProject
Global
	GlobalSection(SolutionConfigurationPlatforms) = preSolution
		Debug|Any CPU = Debug|Any CPU
		Release|Any CPU = Release|Any CPU
	EndGlobalSection
	GlobalSection(ProjectConfigurationPlatforms) = postSolution
		{6C0F664E-E0EC-4A48-89CB-BD542896780A}.Debug|Any CPU.ActiveCfg = Debug|Any CPU
		{6C0F664E-E0EC-4A48-89CB-BD542896780A}.Debug|Any CPU.Build.0 = Debug|Any CPU
		{6C0F664E-E0EC-4A48-89CB-BD542896780A}.Release|Any CPU.ActiveCfg = Release|Any CPU
		{6C0F664E-E0EC-4A48-89CB-BD542896780A}.Release|Any CPU.Build.0 = Release|Any CPU
	EndGlobalSection
	GlobalSection(SolutionProperties) = preSolution
		HideSolutionNode = FALSE
	EndGlobalSection
	GlobalSection(ExtensibilityGlobals) = postSolution
		SolutionGuid = {10E37BF8-ADD2-4CE5-B203-113A820B94A9}
	EndGlobalSection
EndGlobal
